
Microsoft Visual Studio Solution File, Format Version 12.00
# Visual Studio 15
VisualStudioVersion = 15.0.27004.2002
MinimumVisualStudioVersion = 10.0.40219.1
Project("{FAE04EC0-301F-11D3-BF4B-00C04F79EFBC}") = "StockThree.Web", "StcokThree.Web\StockThree.Web.csproj", "{A97E5483-D391-491E-BE4B-D7CD7650846E}"
EndProject
Project("{FAE04EC0-301F-11D3-BF4B-00C04F79EFBC}") = "StockThree.Services", "StockThree.Services\StockThree.Services.csproj", "{43667D96-AFD7-46CD-A8EA-3EAB161C96BB}"
EndProject
Project("{FAE04EC0-301F-11D3-BF4B-00C04F79EFBC}") = "StockThree.Models", "StockThree.Models\StockThree.Models.csproj", "{764B4A4E-B5AC-447C-9436-75263FFAF68F}"
EndProject
Project("{FAE04EC0-301F-11D3-BF4B-00C04F79EFBC}") = "StockThree.Data", "StockThree.Data\StockThree.Data.csproj", "{9DA0036C-F61E-4D68-A689-0AFC8E776F8E}"
EndProject
Global
	GlobalSection(SolutionConfigurationPlatforms) = preSolution
		Debug|Any CPU = Debug|Any CPU
		Release|Any CPU = Release|Any CPU
	EndGlobalSection
	GlobalSection(ProjectConfigurationPlatforms) = postSolution
		{A97E5483-D391-491E-BE4B-D7CD7650846E}.Debug|Any CPU.ActiveCfg = Debug|Any CPU
		{A97E5483-D391-491E-BE4B-D7CD7650846E}.Debug|Any CPU.Build.0 = Debug|Any CPU
		{A97E5483-D391-491E-BE4B-D7CD7650846E}.Release|Any CPU.ActiveCfg = Release|Any CPU
		{A97E5483-D391-491E-BE4B-D7CD7650846E}.Release|Any CPU.Build.0 = Release|Any CPU
		{43667D96-AFD7-46CD-A8EA-3EAB161C96BB}.Debug|Any CPU.ActiveCfg = Debug|Any CPU
		{43667D96-AFD7-46CD-A8EA-3EAB161C96BB}.Debug|Any CPU.Build.0 = Debug|Any CPU
		{43667D96-AFD7-46CD-A8EA-3EAB161C96BB}.Release|Any CPU.ActiveCfg = Release|Any CPU
		{43667D96-AFD7-46CD-A8EA-3EAB161C96BB}.Release|Any CPU.Build.0 = Release|Any CPU
		{764B4A4E-B5AC-447C-9436-75263FFAF68F}.Debug|Any CPU.ActiveCfg = Debug|Any CPU
		{764B4A4E-B5AC-447C-9436-75263FFAF68F}.Debug|Any CPU.Build.0 = Debug|Any CPU
		{764B4A4E-B5AC-447C-9436-75263FFAF68F}.Release|Any CPU.ActiveCfg = Release|Any CPU
		{764B4A4E-B5AC-447C-9436-75263FFAF68F}.Release|Any CPU.Build.0 = Release|Any CPU
		{9DA0036C-F61E-4D68-A689-0AFC8E776F8E}.Debug|Any CPU.ActiveCfg = Debug|Any CPU
		{9DA0036C-F61E-4D68-A689-0AFC8E776F8E}.Debug|Any CPU.Build.0 = Debug|Any CPU
		{9DA0036C-F61E-4D68-A689-0AFC8E776F8E}.Release|Any CPU.ActiveCfg = Release|Any CPU
		{9DA0036C-F61E-4D68-A689-0AFC8E776F8E}.Release|Any CPU.Build.0 = Release|Any CPU
	EndGlobalSection
	GlobalSection(SolutionProperties) = preSolution
		HideSolutionNode = FALSE
	EndGlobalSection
	GlobalSection(ExtensibilityGlobals) = postSolution
		SolutionGuid = {447BE60C-7497-4AE7-927C-8E92796D03F8}
	EndGlobalSection
EndGlobal
